PODS:
  - Capacitor (6.2.1):
    - CapacitorCordova
  - CapacitorCordova (6.2.1)
  - CapacitorKeyboard (6.0.4):
    - Capacitor
  - CapacitorPreferences (6.0.4):
    - Capacitor
  - NMSSH (2.3.1)

DEPENDENCIES:
  - "Capacitor (from `../../node_modules/@capacitor/ios`)"
  - "CapacitorCordova (from `../../node_modules/@capacitor/ios`)"
  - "CapacitorKeyboard (from `../../node_modules/@capacitor/keyboard`)"
  - "CapacitorPreferences (from `../../node_modules/@capacitor/preferences`)"
  - NMSSH (~> 2.3)

SPEC REPOS:
  https://github.com/cocoapods/specs.git:
    - NMSSH

EXTERNAL SOURCES:
  Capacitor:
    :path: "../../node_modules/@capacitor/ios"
  CapacitorCordova:
    :path: "../../node_modules/@capacitor/ios"
  CapacitorKeyboard:
    :path: "../../node_modules/@capacitor/keyboard"
  CapacitorPreferences:
    :path: "../../node_modules/@capacitor/preferences"

SPEC CHECKSUMS:
  Capacitor: 48e69f3d54640fb30dc99a8e711bb645b11c0283
  CapacitorCordova: bab53e0b5106da1b6293a750a68df9c477461b91
  CapacitorKeyboard: ed598a0b60277aadc0d1f794378b859ccceb6d22
  CapacitorPreferences: 020a823da6cc447db3263a4a5bbf1a59dc35fac6
  NMSSH: cd689ae535a1581a6dd9fd4600ff71247df510a6

PODFILE CHECKSUM: e7f9ddc511fe284818415693e906f9ccfa54f1fa

COCOAPODS: 1.5.2
